// !$*UTF8*$!
{
	archiveVersion = 1;
	classes = {
	};
	objectVersion = 55;
	objects = {

/* Begin PBXBuildFile section */
		8F69FBBC288893E5005C9BF8 /* CalculatorLogic.swift in Sources */ = {isa = PBXBuildFile; fileRef = 8F69FBBB288893E5005C9BF8 /* CalculatorLogic.swift */; };
		8FBEA7792882E45100561E49 /* Swifty_CalcApp.swift in Sources */ = {isa = PBXBuildFile; fileRef = 8FBEA7782882E45100561E49 /* Swifty_CalcApp.swift */; };
		8FBEA77B2882E45100561E49 /* ContentView.swift in Sources */ = {isa = PBXBuildFile; fileRef = 8FBEA77A2882E45100561E49 /* ContentView.swift */; };
		8FBEA77D2882E45200561E49 /* Assets.xcassets in Resources */ = {isa = PBXBuildFile; fileRef = 8FBEA77C2882E45200561E49 /* Assets.xcassets */; };
		8FBEA7802882E45200561E49 /* Preview Assets.xcassets in Resources */ = {isa = PBXBuildFile; fileRef = 8FBEA77F2882E45200561E49 /* Preview Assets.xcassets */; };
		8FBEA78A2882E45200561E49 /* Swifty_CalcTests.swift in Sources */ = {isa = PBXBuildFile; fileRef = 8FBEA7892882E45200561E49 /* Swifty_CalcTests.swift */; };
		8FBEA7942882E45200561E49 /* Swifty_CalcUITests.swift in Sources */ = {isa = PBXBuildFile; fileRef = 8FBEA7932882E45200561E49 /* Swifty_CalcUITests.swift */; };
		8FBEA7962882E45200561E49 /* Swifty_CalcUITestsLaunchTests.swift in Sources */ = {isa = PBXBuildFile; fileRef = 8FBEA7952882E45200561E49 /* Swifty_CalcUITestsLaunchTests.swift */; };
/* End PBXBuildFile section */

/* Begin PBXContainerItemProxy section */
		8FBEA7862882E45200561E49 /* PBXContainerItemProxy */ = {
			isa = PBXContainerItemProxy;
			containerPortal = 8FBEA76D2882E45100561E49 /* Project object */;
			proxyType = 1;
			remoteGlobalIDString = 8FBEA7742882E45100561E49;
			remoteInfo = "Swifty Calc";
		};
		8FBEA7902882E45200561E49 /* PBXContainerItemProxy */ = {
			isa = PBXContainerItemProxy;
			containerPortal = 8FBEA76D2882E45100561E49 /* Project object */;
			proxyType = 1;
			remoteGlobalIDString = 8FBEA7742882E45100561E49;
			remoteInfo = "Swifty Calc";
		};
/* End PBXContainerItemProxy section */

/* Begin PBXFileReference section */
		8F69FBBB288893E5005C9BF8 /* CalculatorLogic.swift */ = {isa = PBXFileReference; lastKnownFileType = sourcecode.swift; path = CalculatorLogic.swift; sourceTree = "<group>"; };
		8FBEA7752882E45100561E49 /* Swifty Calc.app */ = {isa = PBXFileReference; explicitFileType = wrapper.application; includeInIndex = 0; path = "Swifty Calc.app"; sourceTree = BUILT_PRODUCTS_DIR; };
		8FBEA7782882E45100561E49 /* Swifty_CalcApp.swift */ = {isa = PBXFileReference; lastKnownFileType = sourcecode.swift; path = Swifty_CalcApp.swift; sourceTree = "<group>"; };
		8FBEA77A2882E45100561E49 /* ContentView.swift */ = {isa = PBXFileReference; lastKnownFileType = sourcecode.swift; path = ContentView.swift; sourceTree = "<group>"; };
		8FBEA77C2882E45200561E49 /* Assets.xcassets */ = {isa = PBXFileReference; lastKnownFileType = folder.assetcatalog; path = Assets.xcassets; sourceTree = "<group>"; };
		8FBEA77F2882E45200561E49 /* Preview Assets.xcassets */ = {isa = PBXFileReference; lastKnownFileType = folder.assetcatalog; path = "Preview Assets.xcassets"; sourceTree = "<group>"; };
		8FBEA7852882E45200561E49 /* Swifty CalcTests.xctest */ = {isa = PBXFileReference; explicitFileType = wrapper.cfbundle; includeInIndex = 0; path = "Swifty CalcTests.xctest"; sourceTree = BUILT_PRODUCTS_DIR; };
		8FBEA7892882E45200561E49 /* Swifty_CalcTests.swift */ = {isa = PBXFileReference; lastKnownFileType = sourcecode.swift; path = Swifty_CalcTests.swift; sourceTree = "<group>"; };
		8FBEA78F2882E45200561E49 /* Swifty CalcUITests.xctest */ = {isa = PBXFileReference; explicitFileType = wrapper.cfbundle; includeInIndex = 0; path = "Swifty CalcUITests.xctest"; sourceTree = BUILT_PRODUCTS_DIR; };
		8FBEA7932882E45200561E49 /* Swifty_CalcUITests.swift */ = {isa = PBXFileReference; lastKnownFileType = sourcecode.swift; path = Swifty_CalcUITests.swift; sourceTree = "<group>"; };
		8FBEA7952882E45200561E49 /* Swifty_CalcUITestsLaunchTests.swift */ = {isa = PBXFileReference; lastKnownFileType = sourcecode.swift; path = Swifty_CalcUITestsLaunchTests.swift; sourceTree = "<group>"; };
/* End PBXFileReference section */

/* Begin PBXFrameworksBuildPhase section */
		8FBEA7722882E45100561E49 /* Frameworks */ = {
			isa = PBXFrameworksBuildPhase;
			buildActionMask = 2147483647;
			files = (
			);
			runOnlyForDeploymentPostprocessing = 0;
		};
		8FBEA7822882E45200561E49 /* Frameworks */ = {
			isa = PBXFrameworksBuildPhase;
			buildActionMask = 2147483647;
			files = (
			);
			runOnlyForDeploymentPostprocessing = 0;
		};
		8FBEA78C2882E45200561E49 /* Frameworks */ = {
			isa = PBXFrameworksBuildPhase;
			buildActionMask = 2147483647;
			files = (
			);
			runOnlyForDeploymentPostprocessing = 0;
		};
/* End PBXFrameworksBuildPhase section */

/* Begin PBXGroup section */
		8F69FBBA288893CE005C9BF8 /* Model */ = {
			isa = PBXGroup;
			children = (
				8F69FBBB288893E5005C9BF8 /* CalculatorLogic.swift */,
			);
			path = Model;
			sourceTree = "<group>";
		};
		8FBEA76C2882E45100561E49 = {
			isa = PBXGroup;
			children = (
				8FBEA7772882E45100561E49 /* Swifty Calc */,
				8FBEA7882882E45200561E49 /* Swifty CalcTests */,
				8FBEA7922882E45200561E49 /* Swifty CalcUITests */,
				8FBEA7762882E45100561E49 /* Products */,
			);
			sourceTree = "<group>";
		};
		8FBEA7762882E45100561E49 /* Products */ = {
			isa = PBXGroup;
			children = (
				8FBEA7752882E45100561E49 /* Swifty Calc.app */,
				8FBEA7852882E45200561E49 /* Swifty CalcTests.xctest */,
				8FBEA78F2882E45200561E49 /* Swifty CalcUITests.xctest */,
			);
			name = Products;
			sourceTree = "<group>";
		};
		8FBEA7772882E45100561E49 /* Swifty Calc */ = {
			isa = PBXGroup;
			children = (
				8F69FBBA288893CE005C9BF8 /* Model */,
				8FBEA7782882E45100561E49 /* Swifty_CalcApp.swift */,
				8FBEA7A52882E9CE00561E49 /* View */,
				8FBEA77C2882E45200561E49 /* Assets.xcassets */,
				8FBEA77E2882E45200561E49 /* Preview Content */,
			);
			path = "Swifty Calc";
			sourceTree = "<group>";
		};
		8FBEA77E2882E45200561E49 /* Preview Content */ = {
			isa = PBXGroup;
			children = (
				8FBEA77F2882E45200561E49 /* Preview Assets.xcassets */,
			);
			path = "Preview Content";
			sourceTree = "<group>";
		};
		8FBEA7882882E45200561E49 /* Swifty CalcTests */ = {
			isa = PBXGroup;
			children = (
				8FBEA7892882E45200561E49 /* Swifty_CalcTests.swift */,
			);
			path = "Swifty CalcTests";
			sourceTree = "<group>";
		};
		8FBEA7922882E45200561E49 /* Swifty CalcUITests */ = {
			isa = PBXGroup;
			children = (
				8FBEA7932882E45200561E49 /* Swifty_CalcUITests.swift */,
				8FBEA7952882E45200561E49 /* Swifty_CalcUITestsLaunchTests.swift */,
			);
			path = "Swifty CalcUITests";
			sourceTree = "<group>";
		};
		8FBEA7A52882E9CE00561E49 /* View */ = {
			isa = PBXGroup;
			children = (
				8FBEA77A2882E45100561E49 /* ContentView.swift */,
			);
			path = View;
			sourceTree = "<group>";
		};
/* End PBXGroup section */

/* Begin PBXNativeTarget section */
		8FBEA7742882E45100561E49 /* Swifty Calc */ = {
			isa = PBXNativeTarget;
			buildConfigurationList = 8FBEA7992882E45200561E49 /* Build configuration list for PBXNativeTarget "Swifty Calc" */;
			buildPhases = (
				8FBEA7712882E45100561E49 /* Sources */,
				8FBEA7722882E45100561E49 /* Frameworks */,
				8FBEA7732882E45100561E49 /* Resources */,
			);
			buildRules = (
			);
			dependencies = (
			);
			name = "Swifty Calc";
			productName = "Swifty Calc";
			productReference = 8FBEA7752882E45100561E49 /* Swifty Calc.app */;
			productType = "com.apple.product-type.application";
		};
		8FBEA7842882E45200561E49 /* Swifty CalcTests */ = {
			isa = PBXNativeTarget;
			buildConfigurationList = 8FBEA79C2882E45200561E49 /* Build configuration list for PBXNativeTarget "Swifty CalcTests" */;
			buildPhases = (
				8FBEA7812882E45200561E49 /* Sources */,
				8FBEA7822882E45200561E49 /* Frameworks */,
				8FBEA7832882E45200561E49 /* Resources */,
			);
			buildRules = (
			);
			dependencies = (
				8FBEA7872882E45200561E49 /* PBXTargetDependency */,
			);
			name = "Swifty CalcTests";
			productName = "Swifty CalcTests";
			productReference = 8FBEA7852882E45200561E49 /* Swifty CalcTests.xctest */;
			productType = "com.apple.product-type.bundle.unit-test";
		};
		8FBEA78E2882E45200561E49 /* Swifty CalcUITests */ = {
			isa = PBXNativeTarget;
			buildConfigurationList = 8FBEA79F2882E45200561E49 /* Build configuration list for PBXNativeTarget "Swifty CalcUITests" */;
			buildPhases = (
				8FBEA78B2882E45200561E49 /* Sources */,
				8FBEA78C2882E45200561E49 /* Frameworks */,
				8FBEA78D2882E45200561E49 /* Resources */,
			);
			buildRules = (
			);
			dependencies = (
				8FBEA7912882E45200561E49 /* PBXTargetDependency */,
			);
			name = "Swifty CalcUITests";
			productName = "Swifty CalcUITests";
			productReference = 8FBEA78F2882E45200561E49 /* Swifty CalcUITests.xctest */;
			productType = "com.apple.product-type.bundle.ui-testing";
		};
/* End PBXNativeTarget section */

/* Begin PBXProject section */
		8FBEA76D2882E45100561E49 /* Project object */ = {
			isa = PBXProject;
			attributes = {
				BuildIndependentTargetsInParallel = 1;
				LastSwiftUpdateCheck = 1340;
				LastUpgradeCheck = 1340;
				TargetAttributes = {
					8FBEA7742882E45100561E49 = {
						CreatedOnToolsVersion = 13.4.1;
					};
					8FBEA7842882E45200561E49 = {
						CreatedOnToolsVersion = 13.4.1;
						TestTargetID = 8FBEA7742882E45100561E49;
					};
					8FBEA78E2882E45200561E49 = {
						CreatedOnToolsVersion = 13.4.1;
						TestTargetID = 8FBEA7742882E45100561E49;
					};
				};
			};
			buildConfigurationList = 8FBEA7702882E45100561E49 /* Build configuration list for PBXProject "Swifty Calc" */;
			compatibilityVersion = "Xcode 13.0";
			developmentRegion = en;
			hasScannedForEncodings = 0;
			knownRegions = (
				en,
				Base,
			);
			mainGroup = 8FBEA76C2882E45100561E49;
			productRefGroup = 8FBEA7762882E45100561E49 /* Products */;
			projectDirPath = "";
			projectRoot = "";
			targets = (
				8FBEA7742882E45100561E49 /* Swifty Calc */,
				8FBEA7842882E45200561E49 /* Swifty CalcTests */,
				8FBEA78E2882E45200561E49 /* Swifty CalcUITests */,
			);
		};
/* End PBXProject section */

/* Begin PBXResourcesBuildPhase section */
		8FBEA7732882E45100561E49 /* Resources */ = {
			isa = PBXResourcesBuildPhase;
			buildActionMask = 2147483647;
			files = (
				8FBEA7802882E45200561E49 /* Preview Assets.xcassets in Resources */,
				8FBEA77D2882E45200561E49 /* Assets.xcassets in Resources */,
			);
			runOnlyForDeploymentPostprocessing = 0;
		};
		8FBEA7832882E45200561E49 /* Resources */ = {
			isa = PBXResourcesBuildPhase;
			buildActionMask = 2147483647;
			files = (
			);
			runOnlyForDeploymentPostprocessing = 0;
		};
		8FBEA78D2882E45200561E49 /* Resources */ = {
			isa = PBXResourcesBuildPhase;
			buildActionMask = 2147483647;
			files = (
			);
			runOnlyForDeploymentPostprocessing = 0;
		};
/* End PBXResourcesBuildPhase section */

/* Begin PBXSourcesBuildPhase section */
		8FBEA7712882E45100561E49 /* Sources */ = {
			isa = PBXSourcesBuildPhase;
			buildActionMask = 2147483647;
			files = (
				8F69FBBC288893E5005C9BF8 /* CalculatorLogic.swift in Sources */,
				8FBEA77B2882E45100561E49 /* ContentView.swift in Sources */,
				8FBEA7792882E45100561E49 /* Swifty_CalcApp.swift in Sources */,
			);
			runOnlyForDeploymentPostprocessing = 0;
		};
		8FBEA7812882E45200561E49 /* Sources */ = {
			isa = PBXSourcesBuildPhase;
			buildActionMask = 2147483647;
			files = (
				8FBEA78A2882E45200561E49 /* Swifty_CalcTests.swift in Sources */,
			);
			runOnlyForDeploymentPostprocessing = 0;
		};
		8FBEA78B2882E45200561E49 /* Sources */ = {
			isa = PBXSourcesBuildPhase;
			buildActionMask = 2147483647;
			files = (
				8FBEA7942882E45200561E49 /* Swifty_CalcUITests.swift in Sources */,
				8FBEA7962882E45200561E49 /* Swifty_CalcUITestsLaunchTests.swift in Sources */,
			);
			runOnlyForDeploymentPostprocessing = 0;
		};
/* End PBXSourcesBuildPhase section */

/* Begin PBXTargetDependency section */
		8FBEA7872882E45200561E49 /* PBXTargetDependency */ = {
			isa = PBXTargetDependency;
			target = 8FBEA7742882E45100561E49 /* Swifty Calc */;
			targetProxy = 8FBEA7862882E45200561E49 /* PBXContainerItemProxy */;
		};
		8FBEA7912882E45200561E49 /* PBXTargetDependency */ = {
			isa = PBXTargetDependency;
			target = 8FBEA7742882E45100561E49 /* Swifty Calc */;
			targetProxy = 8FBEA7902882E45200561E49 /* PBXContainerItemProxy */;
		};
/* End PBXTargetDependency section */

/* Begin XCBuildConfiguration section */
		8FBEA7972882E45200561E49 /* Debug */ = {
			isa = XCBuildConfiguration;
			buildSettings = {
				ALWAYS_SEARCH_USER_PATHS = NO;
				CLANG_ANALYZER_NONNULL = YES;
				CLANG_ANALYZER_NUMBER_OBJECT_CONVERSION = YES_AGGRESSIVE;
				CLANG_CXX_LANGUAGE_STANDARD = "gnu++17";
				CLANG_ENABLE_MODULES = YES;
				CLANG_ENABLE_OBJC_ARC = YES;
				CLANG_ENABLE_OBJC_WEAK = YES;
				CLANG_WARN_BLOCK_CAPTURE_AUTORELEASING = YES;
				CLANG_WARN_BOOL_CONVERSION = YES;
				CLANG_WARN_COMMA = YES;
				CLANG_WARN_CONSTANT_CONVERSION = YES;
				CLANG_WARN_DEPRECATED_OBJC_IMPLEMENTATIONS = YES;
				CLANG_WARN_DIRECT_OBJC_ISA_USAGE = YES_ERROR;
				CLANG_WARN_DOCUMENTATION_COMMENTS = YES;
				CLANG_WARN_EMPTY_BODY = YES;
				CLANG_WARN_ENUM_CONVERSION = YES;
				CLANG_WARN_INFINITE_RECURSION = YES;
				CLANG_WARN_INT_CONVERSION = YES;
				CLANG_WARN_NON_LITERAL_NULL_CONVERSION = YES;
				CLANG_WARN_OBJC_IMPLICIT_RETAIN_SELF = YES;
				CLANG_WARN_OBJC_LITERAL_CONVERSION = YES;
				CLANG_WARN_OBJC_ROOT_CLASS = YES_ERROR;
				CLANG_WARN_QUOTED_INCLUDE_IN_FRAMEWORK_HEADER = YES;
				CLANG_WARN_RANGE_LOOP_ANALYSIS = YES;
				CLANG_WARN_STRICT_PROTOTYPES = YES;
				CLANG_WARN_SUSPICIOUS_MOVE = YES;
				CLANG_WARN_UNGUARDED_AVAILABILITY = YES_AGGRESSIVE;
				CLANG_WARN_UNREACHABLE_CODE = YES;
				CLANG_WARN__DUPLICATE_METHOD_MATCH = YES;
				COPY_PHASE_STRIP = NO;
				DEBUG_INFORMATION_FORMAT = dwarf;
				ENABLE_STRICT_OBJC_MSGSEND = YES;
				ENABLE_TESTABILITY = YES;
				GCC_C_LANGUAGE_STANDARD = gnu11;
				GCC_DYNAMIC_NO_PIC = NO;
				GCC_NO_COMMON_BLOCKS = YES;
				GCC_OPTIMIZATION_LEVEL = 0;
				GCC_PREPROCESSOR_DEFINITIONS = (
					"DEBUG=1",
					"$(inherited)",
				);
				GCC_WARN_64_TO_32_BIT_CONVERSION = YES;
				GCC_WARN_ABOUT_RETURN_TYPE = YES_ERROR;
				GCC_WARN_UNDECLARED_SELECTOR = YES;
				GCC_WARN_UNINITIALIZED_AUTOS = YES_AGGRESSIVE;
				GCC_WARN_UNUSED_FUNCTION = YES;
				GCC_WARN_UNUSED_VARIABLE = YES;
				IPHONEOS_DEPLOYMENT_TARGET = 15.5;
				MTL_ENABLE_DEBUG_INFO = INCLUDE_SOURCE;
				MTL_FAST_MATH = YES;
				ONLY_ACTIVE_ARCH = YES;
				SDKROOT = iphoneos;
				SWIFT_ACTIVE_COMPILATION_CONDITIONS = DEBUG;
				SWIFT_OPTIMIZATION_LEVEL = "-Onone";
			};
			name = Debug;
		};
		8FBEA7982882E45200561E49 /* Release */ = {
			isa = XCBuildConfiguration;
			buildSettings = {
				ALWAYS_SEARCH_USER_PATHS = NO;
				CLANG_ANALYZER_NONNULL = YES;
				CLANG_ANALYZER_NUMBER_OBJECT_CONVERSION = YES_AGGRESSIVE;
				CLANG_CXX_LANGUAGE_STANDARD = "gnu++17";
				CLANG_ENABLE_MODULES = YES;
				CLANG_ENABLE_OBJC_ARC = YES;
				CLANG_ENABLE_OBJC_WEAK = YES;
				CLANG_WARN_BLOCK_CAPTURE_AUTORELEASING = YES;
				CLANG_WARN_BOOL_CONVERSION = YES;
				CLANG_WARN_COMMA = YES;
				CLANG_WARN_CONSTANT_CONVERSION = YES;
				CLANG_WARN_DEPRECATED_OBJC_IMPLEMENTATIONS = YES;
				CLANG_WARN_DIRECT_OBJC_ISA_USAGE = YES_ERROR;
				CLANG_WARN_DOCUMENTATION_COMMENTS = YES;
				CLANG_WARN_EMPTY_BODY = YES;
				CLANG_WARN_ENUM_CONVERSION = YES;
				CLANG_WARN_INFINITE_RECURSION = YES;
				CLANG_WARN_INT_CONVERSION = YES;
				CLANG_WARN_NON_LITERAL_NULL_CONVERSION = YES;
				CLANG_WARN_OBJC_IMPLICIT_RETAIN_SELF = YES;
				CLANG_WARN_OBJC_LITERAL_CONVERSION = YES;
				CLANG_WARN_OBJC_ROOT_CLASS = YES_ERROR;
				CLANG_WARN_QUOTED_INCLUDE_IN_FRAMEWORK_HEADER = YES;
				CLANG_WARN_RANGE_LOOP_ANALYSIS = YES;
				CLANG_WARN_STRICT_PROTOTYPES = YES;
				CLANG_WARN_SUSPICIOUS_MOVE = YES;
				CLANG_WARN_UNGUARDED_AVAILABILITY = YES_AGGRESSIVE;
				CLANG_WARN_UNREACHABLE_CODE = YES;
				CLANG_WARN__DUPLICATE_METHOD_MATCH = YES;
				COPY_PHASE_STRIP = NO;
				DEBUG_INFORMATION_FORMAT = "dwarf-with-dsym";
				ENABLE_NS_ASSERTIONS = NO;
				ENABLE_STRICT_OBJC_MSGSEND = YES;
				GCC_C_LANGUAGE_STANDARD = gnu11;
				GCC_NO_COMMON_BLOCKS = YES;
				GCC_WARN_64_TO_32_BIT_CONVERSION = YES;
				GCC_WARN_ABOUT_RETURN_TYPE = YES_ERROR;
				GCC_WARN_UNDECLARED_SELECTOR = YES;
				GCC_WARN_UNINITIALIZED_AUTOS = YES_AGGRESSIVE;
				GCC_WARN_UNUSED_FUNCTION = YES;
				GCC_WARN_UNUSED_VARIABLE = YES;
				IPHONEOS_DEPLOYMENT_TARGET = 15.5;
				MTL_ENABLE_DEBUG_INFO = NO;
				MTL_FAST_MATH = YES;
				SDKROOT = iphoneos;
				SWIFT_COMPILATION_MODE = wholemodule;
				SWIFT_OPTIMIZATION_LEVEL = "-O";
				VALIDATE_PRODUCT = YES;
			};
			name = Release;
		};
		8FBEA79A2882E45200561E49 /* Debug */ = {
			isa = XCBuildConfiguration;
			buildSettings = {
				ASSETCATALOG_COMPILER_APPICON_NAME = AppIcon;
				ASSETCATALOG_COMPILER_GLOBAL_ACCENT_COLOR_NAME = AccentColor;
				CODE_SIGN_STYLE = Automatic;
				CURRENT_PROJECT_VERSION = 1;
				DEVELOPMENT_ASSET_PATHS = "\"Swifty Calc/Preview Content\"";
				DEVELOPMENT_TEAM = U2WMWLPG35;
				ENABLE_PREVIEWS = YES;
				GENERATE_INFOPLIST_FILE = YES;
				INFOPLIST_KEY_UIApplicationSceneManifest_Generation = YES;
				INFOPLIST_KEY_UIApplicationSupportsIndirectInputEvents = YES;
				INFOPLIST_KEY_UILaunchScreen_Generation = YES;
				INFOPLIST_KEY_UISupportedInterfaceOrientations_iPad = "UIInterfaceOrientationPortrait UIInterfaceOrientationPortraitUpsideDown UIInterfaceOrientationLandscapeLeft UIInterfaceOrientationLandscapeRight";
				INFOPLIST_KEY_UISupportedInterfaceOrientations_iPhone = "UIInterfaceOrientationPortrait UIInterfaceOrientationLandscapeLeft UIInterfaceOrientationLandscapeRight";
				LD_RUNPATH_SEARCH_PATHS = (
					"$(inherited)",
					"@executable_path/Frameworks",
				);
				MARKETING_VERSION = 1.0;
				PRODUCT_BUNDLE_IDENTIFIER = "com.corycarte.Swifty-Calc";
				PRODUCT_NAME = "$(TARGET_NAME)";
				SWIFT_EMIT_LOC_STRINGS = YES;
				SWIFT_VERSION = 5.0;
				TARGETED_DEVICE_FAMILY = "1,2";
			};
			name = Debug;
		};
		8FBEA79B2882E45200561E49 /* Release */ = {
			isa = XCBuildConfiguration;
			buildSettings = {
				ASSETCATALOG_COMPILER_APPICON_NAME = AppIcon;
				ASSETCATALOG_COMPILER_GLOBAL_ACCENT_COLOR_NAME = AccentColor;
				CODE_SIGN_STYLE = Automatic;
				CURRENT_PROJECT_VERSION = 1;
				DEVELOPMENT_ASSET_PATHS = "\"Swifty Calc/Preview Content\"";
				DEVELOPMENT_TEAM = U2WMWLPG35;
				ENABLE_PREVIEWS = YES;
				GENERATE_INFOPLIST_FILE = YES;
				INFOPLIST_KEY_UIApplicationSceneManifest_Generation = YES;
				INFOPLIST_KEY_UIApplicationSupportsIndirectInputEvents = YES;
				INFOPLIST_KEY_UILaunchScreen_Generation = YES;
				INFOPLIST_KEY_UISupportedInterfaceOrientations_iPad = "UIInterfaceOrientationPortrait UIInterfaceOrientationPortraitUpsideDown UIInterfaceOrientationLandscapeLeft UIInterfaceOrientationLandscapeRight";
				INFOPLIST_KEY_UISupportedInterfaceOrientations_iPhone = "UIInterfaceOrientationPortrait UIInterfaceOrientationLandscapeLeft UIInterfaceOrientationLandscapeRight";
				LD_RUNPATH_SEARCH_PATHS = (
					"$(inherited)",
					"@executable_path/Frameworks",
				);
				MARKETING_VERSION = 1.0;
				PRODUCT_BUNDLE_IDENTIFIER = "com.corycarte.Swifty-Calc";
				PRODUCT_NAME = "$(TARGET_NAME)";
				SWIFT_EMIT_LOC_STRINGS = YES;
				SWIFT_VERSION = 5.0;
				TARGETED_DEVICE_FAMILY = "1,2";
			};
			name = Release;
		};
		8FBEA79D2882E45200561E49 /* Debug */ = {
			isa = XCBuildConfiguration;
			buildSettings = {
				ALWAYS_EMBED_SWIFT_STANDARD_LIBRARIES = YES;
				BUNDLE_LOADER = "$(TEST_HOST)";
				CODE_SIGN_STYLE = Automatic;
				CURRENT_PROJECT_VERSION = 1;
				DEVELOPMENT_TEAM = U2WMWLPG35;
				GENERATE_INFOPLIST_FILE = YES;
				IPHONEOS_DEPLOYMENT_TARGET = 15.5;
				MARKETING_VERSION = 1.0;
				PRODUCT_BUNDLE_IDENTIFIER = "com.corycarte.Swifty-CalcTests";
				PRODUCT_NAME = "$(TARGET_NAME)";
				SWIFT_EMIT_LOC_STRINGS = NO;
				SWIFT_VERSION = 5.0;
				TARGETED_DEVICE_FAMILY = "1,2";
				TEST_HOST = "$(BUILT_PRODUCTS_DIR)/Swifty Calc.app/Swifty Calc";
			};
			name = Debug;
		};
		8FBEA79E2882E45200561E49 /* Release */ = {
			isa = XCBuildConfiguration;
			buildSettings = {
				ALWAYS_EMBED_SWIFT_STANDARD_LIBRARIES = YES;
				BUNDLE_LOADER = "$(TEST_HOST)";
				CODE_SIGN_STYLE = Automatic;
				CURRENT_PROJECT_VERSION = 1;
				DEVELOPMENT_TEAM = U2WMWLPG35;
				GENERATE_INFOPLIST_FILE = YES;
				IPHONEOS_DEPLOYMENT_TARGET = 15.5;
				MARKETING_VERSION = 1.0;
				PRODUCT_BUNDLE_IDENTIFIER = "com.corycarte.Swifty-CalcTests";
				PRODUCT_NAME = "$(TARGET_NAME)";
				SWIFT_EMIT_LOC_STRINGS = NO;
				SWIFT_VERSION = 5.0;
				TARGETED_DEVICE_FAMILY = "1,2";
				TEST_HOST = "$(BUILT_PRODUCTS_DIR)/Swifty Calc.app/Swifty Calc";
			};
			name = Release;
		};
		8FBEA7A02882E45200561E49 /* Debug */ = {
			isa = XCBuildConfiguration;
			buildSettings = {
				ALWAYS_EMBED_SWIFT_STANDARD_LIBRARIES = YES;
				CODE_SIGN_STYLE = Automatic;
				CURRENT_PROJECT_VERSION = 1;
				DEVELOPMENT_TEAM = U2WMWLPG35;
				GENERATE_INFOPLIST_FILE = YES;
				MARKETING_VERSION = 1.0;
				PRODUCT_BUNDLE_IDENTIFIER = "com.corycarte.Swifty-CalcUITests";
				PRODUCT_NAME = "$(TARGET_NAME)";
				SWIFT_EMIT_LOC_STRINGS = NO;
				SWIFT_VERSION = 5.0;
				TARGETED_DEVICE_FAMILY = "1,2";
				TEST_TARGET_NAME = "Swifty Calc";
			};
			name = Debug;
		};
		8FBEA7A12882E45200561E49 /* Release */ = {
			isa = XCBuildConfiguration;
			buildSettings = {
				ALWAYS_EMBED_SWIFT_STANDARD_LIBRARIES = YES;
				CODE_SIGN_STYLE = Automatic;
				CURRENT_PROJECT_VERSION = 1;
				DEVELOPMENT_TEAM = U2WMWLPG35;
				GENERATE_INFOPLIST_FILE = YES;
				MARKETING_VERSION = 1.0;
				PRODUCT_BUNDLE_IDENTIFIER = "com.corycarte.Swifty-CalcUITests";
				PRODUCT_NAME = "$(TARGET_NAME)";
				SWIFT_EMIT_LOC_STRINGS = NO;
				SWIFT_VERSION = 5.0;
				TARGETED_DEVICE_FAMILY = "1,2";
				TEST_TARGET_NAME = "Swifty Calc";
			};
			name = Release;
		};
/* End XCBuildConfiguration section */

/* Begin XCConfigurationList section */
		8FBEA7702882E45100561E49 /* Build configuration list for PBXProject "Swifty Calc" */ = {
			isa = XCConfigurationList;
			buildConfigurations = (
				8FBEA7972882E45200561E49 /* Debug */,
				8FBEA7982882E45200561E49 /* Release */,
			);
			defaultConfigurationIsVisible = 0;
			defaultConfigurationName = Release;
		};
		8FBEA7992882E45200561E49 /* Build configuration list for PBXNativeTarget "Swifty Calc" */ = {
			isa = XCConfigurationList;
			buildConfigurations = (
				8FBEA79A2882E45200561E49 /* Debug */,
				8FBEA79B2882E45200561E49 /* Release */,
			);
			defaultConfigurationIsVisible = 0;
			defaultConfigurationName = Release;
		};
		8FBEA79C2882E45200561E49 /* Build configuration list for PBXNativeTarget "Swifty CalcTests" */ = {
			isa = XCConfigurationList;
			buildConfigurations = (
				8FBEA79D2882E45200561E49 /* Debug */,
				8FBEA79E2882E45200561E49 /* Release */,
			);
			defaultConfigurationIsVisible = 0;
			defaultConfigurationName = Release;
		};
		8FBEA79F2882E45200561E49 /* Build configuration list for PBXNativeTarget "Swifty CalcUITests" */ = {
			isa = XCConfigurationList;
			buildConfigurations = (
				8FBEA7A02882E45200561E49 /* Debug */,
				8FBEA7A12882E45200561E49 /* Release */,
			);
			defaultConfigurationIsVisible = 0;
			defaultConfigurationName = Release;
		};
/* End XCConfigurationList section */
	};
	rootObject = 8FBEA76D2882E45100561E49 /* Project object */;
}
